
Microsoft Visual Studio Solution File, Format Version 12.00
# Visual Studio Version 17
VisualStudioVersion = 17.4.33213.308
MinimumVisualStudioVersion = 10.0.40219.1
Project("{FAE04EC0-301F-11D3-BF4B-00C04F79EFBC}") = "modul6_1302210004", "modul6_1302210004.csproj", "{83863434-CD8E-46DB-883E-805EE6AB1E13}"
EndProject
Global
	GlobalSection(SolutionConfigurationPlatforms) = preSolution
		Debug|Any CPU = Debug|Any CPU
		Release|Any CPU = Release|Any CPU
	EndGlobalSection
	GlobalSection(ProjectConfigurationPlatforms) = postSolution
		{83863434-CD8E-46DB-883E-805EE6AB1E13}.Debug|Any CPU.ActiveCfg = Debug|Any CPU
		{83863434-CD8E-46DB-883E-805EE6AB1E13}.Debug|Any CPU.Build.0 = Debug|Any CPU
		{83863434-CD8E-46DB-883E-805EE6AB1E13}.Release|Any CPU.ActiveCfg = Release|Any CPU
		{83863434-CD8E-46DB-883E-805EE6AB1E13}.Release|Any CPU.Build.0 = Release|Any CPU
	EndGlobalSection
	GlobalSection(SolutionProperties) = preSolution
		HideSolutionNode = FALSE
	EndGlobalSection
	GlobalSection(ExtensibilityGlobals) = postSolution
		SolutionGuid = {67292B1D-C843-4A2D-9CEC-4152CFC42CB9}
	EndGlobalSection
EndGlobal
